
Microsoft Visual Studio Solution File, Format Version 12.00
# Visual Studio Version 17
VisualStudioVersion = 17.7.34009.444
MinimumVisualStudioVersion = 10.0.40219.1
Project("{FAE04EC0-301F-11D3-BF4B-00C04F79EFBC}") = "problema1", "problema1\problema1.csproj", "{A49DCF70-78CC-4FAE-AA9A-6F990A224C5F}"
EndProject
Global
	GlobalSection(SolutionConfigurationPlatforms) = preSolution
		Debug|Any CPU = Debug|Any CPU
		Release|Any CPU = Release|Any CPU
	EndGlobalSection
	GlobalSection(ProjectConfigurationPlatforms) = postSolution
		{A49DCF70-78CC-4FAE-AA9A-6F990A224C5F}.Debug|Any CPU.ActiveCfg = Debug|Any CPU
		{A49DCF70-78CC-4FAE-AA9A-6F990A224C5F}.Debug|Any CPU.Build.0 = Debug|Any CPU
		{A49DCF70-78CC-4FAE-AA9A-6F990A224C5F}.Release|Any CPU.ActiveCfg = Release|Any CPU
		{A49DCF70-78CC-4FAE-AA9A-6F990A224C5F}.Release|Any CPU.Build.0 = Release|Any CPU
	EndGlobalSection
	GlobalSection(SolutionProperties) = preSolution
		HideSolutionNode = FALSE
	EndGlobalSection
	GlobalSection(ExtensibilityGlobals) = postSolution
		SolutionGuid = {0549ECF7-1133-40C7-9601-8E3A3297AE9A}
	EndGlobalSection
EndGlobal
