
Microsoft Visual Studio Solution File, Format Version 12.00
# Visual Studio Version 17
VisualStudioVersion = 17.7.34031.279
MinimumVisualStudioVersion = 10.0.40219.1
Project("{FAE04EC0-301F-11D3-BF4B-00C04F79EFBC}") = "criandoExcecoes", "criandoExcecoes\criandoExcecoes.csproj", "{88F2505D-C961-402D-A83E-F69F0F517C63}"
EndProject
Global
	GlobalSection(SolutionConfigurationPlatforms) = preSolution
		Debug|Any CPU = Debug|Any CPU
		Release|Any CPU = Release|Any CPU
	EndGlobalSection
	GlobalSection(ProjectConfigurationPlatforms) = postSolution
		{88F2505D-C961-402D-A83E-F69F0F517C63}.Debug|Any CPU.ActiveCfg = Debug|Any CPU
		{88F2505D-C961-402D-A83E-F69F0F517C63}.Debug|Any CPU.Build.0 = Debug|Any CPU
		{88F2505D-C961-402D-A83E-F69F0F517C63}.Release|Any CPU.ActiveCfg = Release|Any CPU
		{88F2505D-C961-402D-A83E-F69F0F517C63}.Release|Any CPU.Build.0 = Release|Any CPU
	EndGlobalSection
	GlobalSection(SolutionProperties) = preSolution
		HideSolutionNode = FALSE
	EndGlobalSection
	GlobalSection(ExtensibilityGlobals) = postSolution
		SolutionGuid = {AEBFDBC5-E2D0-4D0F-A561-F623F9D3A64B}
	EndGlobalSection
EndGlobal
