
Microsoft Visual Studio Solution File, Format Version 12.00
# Visual Studio Version 17
VisualStudioVersion = 17.7.34031.279
MinimumVisualStudioVersion = 10.0.40219.1
Project("{FAE04EC0-301F-11D3-BF4B-00C04F79EFBC}") = "exercicio", "exercicio\exercicio.csproj", "{CAB8C8C7-6EEB-4A47-8090-649749C7D4D2}"
EndProject
Global
	GlobalSection(SolutionConfigurationPlatforms) = preSolution
		Debug|Any CPU = Debug|Any CPU
		Release|Any CPU = Release|Any CPU
	EndGlobalSection
	GlobalSection(ProjectConfigurationPlatforms) = postSolution
		{CAB8C8C7-6EEB-4A47-8090-649749C7D4D2}.Debug|Any CPU.ActiveCfg = Debug|Any CPU
		{CAB8C8C7-6EEB-4A47-8090-649749C7D4D2}.Debug|Any CPU.Build.0 = Debug|Any CPU
		{CAB8C8C7-6EEB-4A47-8090-649749C7D4D2}.Release|Any CPU.ActiveCfg = Release|Any CPU
		{CAB8C8C7-6EEB-4A47-8090-649749C7D4D2}.Release|Any CPU.Build.0 = Release|Any CPU
	EndGlobalSection
	GlobalSection(SolutionProperties) = preSolution
		HideSolutionNode = FALSE
	EndGlobalSection
	GlobalSection(ExtensibilityGlobals) = postSolution
		SolutionGuid = {33E33E6A-9E2A-474D-8726-F0D29826BF3D}
	EndGlobalSection
EndGlobal
