
Microsoft Visual Studio Solution File, Format Version 12.00
# Visual Studio Version 17
VisualStudioVersion = 17.7.34202.233
MinimumVisualStudioVersion = 10.0.40219.1
Project("{FAE04EC0-301F-11D3-BF4B-00C04F79EFBC}") = "stream", "stream\stream.csproj", "{BEF2E421-2508-4D00-9FA8-C8E21EA56031}"
EndProject
Global
	GlobalSection(SolutionConfigurationPlatforms) = preSolution
		Debug|Any CPU = Debug|Any CPU
		Release|Any CPU = Release|Any CPU
	EndGlobalSection
	GlobalSection(ProjectConfigurationPlatforms) = postSolution
		{BEF2E421-2508-4D00-9FA8-C8E21EA56031}.Debug|Any CPU.ActiveCfg = Debug|Any CPU
		{BEF2E421-2508-4D00-9FA8-C8E21EA56031}.Debug|Any CPU.Build.0 = Debug|Any CPU
		{BEF2E421-2508-4D00-9FA8-C8E21EA56031}.Release|Any CPU.ActiveCfg = Release|Any CPU
		{BEF2E421-2508-4D00-9FA8-C8E21EA56031}.Release|Any CPU.Build.0 = Release|Any CPU
	EndGlobalSection
	GlobalSection(SolutionProperties) = preSolution
		HideSolutionNode = FALSE
	EndGlobalSection
	GlobalSection(ExtensibilityGlobals) = postSolution
		SolutionGuid = {68A18B2E-ED97-40D5-850C-2897FAA23C6F}
	EndGlobalSection
EndGlobal
