
Microsoft Visual Studio Solution File, Format Version 12.00
# Visual Studio Version 17
VisualStudioVersion = 17.7.34009.444
MinimumVisualStudioVersion = 10.0.40219.1
Project("{FAE04EC0-301F-11D3-BF4B-00C04F79EFBC}") = "propriedadesDateTime", "propriedadesDateTime\propriedadesDateTime.csproj", "{D46DF4CC-9F1F-42AF-99FC-80A55437F310}"
EndProject
Global
	GlobalSection(SolutionConfigurationPlatforms) = preSolution
		Debug|Any CPU = Debug|Any CPU
		Release|Any CPU = Release|Any CPU
	EndGlobalSection
	GlobalSection(ProjectConfigurationPlatforms) = postSolution
		{D46DF4CC-9F1F-42AF-99FC-80A55437F310}.Debug|Any CPU.ActiveCfg = Debug|Any CPU
		{D46DF4CC-9F1F-42AF-99FC-80A55437F310}.Debug|Any CPU.Build.0 = Debug|Any CPU
		{D46DF4CC-9F1F-42AF-99FC-80A55437F310}.Release|Any CPU.ActiveCfg = Release|Any CPU
		{D46DF4CC-9F1F-42AF-99FC-80A55437F310}.Release|Any CPU.Build.0 = Release|Any CPU
	EndGlobalSection
	GlobalSection(SolutionProperties) = preSolution
		HideSolutionNode = FALSE
	EndGlobalSection
	GlobalSection(ExtensibilityGlobals) = postSolution
		SolutionGuid = {D26A42D2-01AF-470C-8411-8A83B70F1AA9}
	EndGlobalSection
EndGlobal
