
Microsoft Visual Studio Solution File, Format Version 12.00
# Visual Studio Version 17
VisualStudioVersion = 17.6.33829.357
MinimumVisualStudioVersion = 10.0.40219.1
Project("{FAE04EC0-301F-11D3-BF4B-00C04F79EFBC}") = "1071", "1071\1071.csproj", "{FC9AE1D8-3E02-4D61-AFB1-2FE44E7D5824}"
EndProject
Global
	GlobalSection(SolutionConfigurationPlatforms) = preSolution
		Debug|Any CPU = Debug|Any CPU
		Release|Any CPU = Release|Any CPU
	EndGlobalSection
	GlobalSection(ProjectConfigurationPlatforms) = postSolution
		{FC9AE1D8-3E02-4D61-AFB1-2FE44E7D5824}.Debug|Any CPU.ActiveCfg = Debug|Any CPU
		{FC9AE1D8-3E02-4D61-AFB1-2FE44E7D5824}.Debug|Any CPU.Build.0 = Debug|Any CPU
		{FC9AE1D8-3E02-4D61-AFB1-2FE44E7D5824}.Release|Any CPU.ActiveCfg = Release|Any CPU
		{FC9AE1D8-3E02-4D61-AFB1-2FE44E7D5824}.Release|Any CPU.Build.0 = Release|Any CPU
	EndGlobalSection
	GlobalSection(SolutionProperties) = preSolution
		HideSolutionNode = FALSE
	EndGlobalSection
	GlobalSection(ExtensibilityGlobals) = postSolution
		SolutionGuid = {977766DF-F46C-4582-A0B5-3A7CA5981065}
	EndGlobalSection
EndGlobal
