
Microsoft Visual Studio Solution File, Format Version 12.00
# Visual Studio Version 17
VisualStudioVersion = 17.6.33829.357
MinimumVisualStudioVersion = 10.0.40219.1
Project("{FAE04EC0-301F-11D3-BF4B-00C04F79EFBC}") = "1043", "1043\1043.csproj", "{83D3283A-F65C-4ED9-8F06-ADBEE9EE12CA}"
EndProject
Global
	GlobalSection(SolutionConfigurationPlatforms) = preSolution
		Debug|Any CPU = Debug|Any CPU
		Release|Any CPU = Release|Any CPU
	EndGlobalSection
	GlobalSection(ProjectConfigurationPlatforms) = postSolution
		{83D3283A-F65C-4ED9-8F06-ADBEE9EE12CA}.Debug|Any CPU.ActiveCfg = Debug|Any CPU
		{83D3283A-F65C-4ED9-8F06-ADBEE9EE12CA}.Debug|Any CPU.Build.0 = Debug|Any CPU
		{83D3283A-F65C-4ED9-8F06-ADBEE9EE12CA}.Release|Any CPU.ActiveCfg = Release|Any CPU
		{83D3283A-F65C-4ED9-8F06-ADBEE9EE12CA}.Release|Any CPU.Build.0 = Release|Any CPU
	EndGlobalSection
	GlobalSection(SolutionProperties) = preSolution
		HideSolutionNode = FALSE
	EndGlobalSection
	GlobalSection(ExtensibilityGlobals) = postSolution
		SolutionGuid = {32363A06-4574-4663-95DF-AFA0D356AE7B}
	EndGlobalSection
EndGlobal
