
Microsoft Visual Studio Solution File, Format Version 12.00
# Visual Studio Version 17
VisualStudioVersion = 17.6.33829.357
MinimumVisualStudioVersion = 10.0.40219.1
Project("{FAE04EC0-301F-11D3-BF4B-00C04F79EFBC}") = "1072", "1072\1072.csproj", "{C78CBE26-F945-4137-AE44-A2EECE132DA0}"
EndProject
Global
	GlobalSection(SolutionConfigurationPlatforms) = preSolution
		Debug|Any CPU = Debug|Any CPU
		Release|Any CPU = Release|Any CPU
	EndGlobalSection
	GlobalSection(ProjectConfigurationPlatforms) = postSolution
		{C78CBE26-F945-4137-AE44-A2EECE132DA0}.Debug|Any CPU.ActiveCfg = Debug|Any CPU
		{C78CBE26-F945-4137-AE44-A2EECE132DA0}.Debug|Any CPU.Build.0 = Debug|Any CPU
		{C78CBE26-F945-4137-AE44-A2EECE132DA0}.Release|Any CPU.ActiveCfg = Release|Any CPU
		{C78CBE26-F945-4137-AE44-A2EECE132DA0}.Release|Any CPU.Build.0 = Release|Any CPU
	EndGlobalSection
	GlobalSection(SolutionProperties) = preSolution
		HideSolutionNode = FALSE
	EndGlobalSection
	GlobalSection(ExtensibilityGlobals) = postSolution
		SolutionGuid = {A98F14BE-11B6-4F12-BFBF-62F3BFF8B32E}
	EndGlobalSection
EndGlobal
