
Microsoft Visual Studio Solution File, Format Version 12.00
# Visual Studio Version 17
VisualStudioVersion = 17.6.33829.357
MinimumVisualStudioVersion = 10.0.40219.1
Project("{FAE04EC0-301F-11D3-BF4B-00C04F79EFBC}") = "primeiroProblema", "primeiroProblema\primeiroProblema.csproj", "{2E1A5839-2470-4ACD-924A-CAF0F82AAEB4}"
EndProject
Global
	GlobalSection(SolutionConfigurationPlatforms) = preSolution
		Debug|Any CPU = Debug|Any CPU
		Release|Any CPU = Release|Any CPU
	EndGlobalSection
	GlobalSection(ProjectConfigurationPlatforms) = postSolution
		{2E1A5839-2470-4ACD-924A-CAF0F82AAEB4}.Debug|Any CPU.ActiveCfg = Debug|Any CPU
		{2E1A5839-2470-4ACD-924A-CAF0F82AAEB4}.Debug|Any CPU.Build.0 = Debug|Any CPU
		{2E1A5839-2470-4ACD-924A-CAF0F82AAEB4}.Release|Any CPU.ActiveCfg = Release|Any CPU
		{2E1A5839-2470-4ACD-924A-CAF0F82AAEB4}.Release|Any CPU.Build.0 = Release|Any CPU
	EndGlobalSection
	GlobalSection(SolutionProperties) = preSolution
		HideSolutionNode = FALSE
	EndGlobalSection
	GlobalSection(ExtensibilityGlobals) = postSolution
		SolutionGuid = {7DEAF10E-B9B1-4269-8BC6-4FB2E9B6F30E}
	EndGlobalSection
EndGlobal
