
Microsoft Visual Studio Solution File, Format Version 12.00
# Visual Studio Version 17
VisualStudioVersion = 17.6.33829.357
MinimumVisualStudioVersion = 10.0.40219.1
Project("{FAE04EC0-301F-11D3-BF4B-00C04F79EFBC}") = "1037", "1037\1037.csproj", "{C97665FF-6F54-4255-9C75-2B224F56A36B}"
EndProject
Global
	GlobalSection(SolutionConfigurationPlatforms) = preSolution
		Debug|Any CPU = Debug|Any CPU
		Release|Any CPU = Release|Any CPU
	EndGlobalSection
	GlobalSection(ProjectConfigurationPlatforms) = postSolution
		{C97665FF-6F54-4255-9C75-2B224F56A36B}.Debug|Any CPU.ActiveCfg = Debug|Any CPU
		{C97665FF-6F54-4255-9C75-2B224F56A36B}.Debug|Any CPU.Build.0 = Debug|Any CPU
		{C97665FF-6F54-4255-9C75-2B224F56A36B}.Release|Any CPU.ActiveCfg = Release|Any CPU
		{C97665FF-6F54-4255-9C75-2B224F56A36B}.Release|Any CPU.Build.0 = Release|Any CPU
	EndGlobalSection
	GlobalSection(SolutionProperties) = preSolution
		HideSolutionNode = FALSE
	EndGlobalSection
	GlobalSection(ExtensibilityGlobals) = postSolution
		SolutionGuid = {514D843D-9DD9-4376-BA71-1D1CC45C9EF1}
	EndGlobalSection
EndGlobal
