
Microsoft Visual Studio Solution File, Format Version 12.00
# Visual Studio Version 17
VisualStudioVersion = 17.7.34009.444
MinimumVisualStudioVersion = 10.0.40219.1
Project("{FAE04EC0-301F-11D3-BF4B-00C04F79EFBC}") = "sobrecarga", "sobrecarga\sobrecarga.csproj", "{917E568E-68DE-4529-BE94-BD27E114242F}"
EndProject
Global
	GlobalSection(SolutionConfigurationPlatforms) = preSolution
		Debug|Any CPU = Debug|Any CPU
		Release|Any CPU = Release|Any CPU
	EndGlobalSection
	GlobalSection(ProjectConfigurationPlatforms) = postSolution
		{917E568E-68DE-4529-BE94-BD27E114242F}.Debug|Any CPU.ActiveCfg = Debug|Any CPU
		{917E568E-68DE-4529-BE94-BD27E114242F}.Debug|Any CPU.Build.0 = Debug|Any CPU
		{917E568E-68DE-4529-BE94-BD27E114242F}.Release|Any CPU.ActiveCfg = Release|Any CPU
		{917E568E-68DE-4529-BE94-BD27E114242F}.Release|Any CPU.Build.0 = Release|Any CPU
	EndGlobalSection
	GlobalSection(SolutionProperties) = preSolution
		HideSolutionNode = FALSE
	EndGlobalSection
	GlobalSection(ExtensibilityGlobals) = postSolution
		SolutionGuid = {B8E48FFE-67A8-445A-9D1E-E6002A134D54}
	EndGlobalSection
EndGlobal
