
Microsoft Visual Studio Solution File, Format Version 12.00
# Visual Studio Version 17
VisualStudioVersion = 17.7.34031.279
MinimumVisualStudioVersion = 10.0.40219.1
Project("{9A19103F-16F7-4668-BE54-9A1E7A4F7556}") = "xadrez-console", "xadrez\xadrez-console.csproj", "{62560AC0-2EFE-4068-A1A9-FD95F8292F7C}"
EndProject
Global
	GlobalSection(SolutionConfigurationPlatforms) = preSolution
		Debug|Any CPU = Debug|Any CPU
		Release|Any CPU = Release|Any CPU
	EndGlobalSection
	GlobalSection(ProjectConfigurationPlatforms) = postSolution
		{62560AC0-2EFE-4068-A1A9-FD95F8292F7C}.Debug|Any CPU.ActiveCfg = Debug|Any CPU
		{62560AC0-2EFE-4068-A1A9-FD95F8292F7C}.Debug|Any CPU.Build.0 = Debug|Any CPU
		{62560AC0-2EFE-4068-A1A9-FD95F8292F7C}.Release|Any CPU.ActiveCfg = Release|Any CPU
		{62560AC0-2EFE-4068-A1A9-FD95F8292F7C}.Release|Any CPU.Build.0 = Release|Any CPU
	EndGlobalSection
	GlobalSection(SolutionProperties) = preSolution
		HideSolutionNode = FALSE
	EndGlobalSection
	GlobalSection(ExtensibilityGlobals) = postSolution
		SolutionGuid = {800634FC-5E80-4336-8962-EAC815A751C1}
	EndGlobalSection
EndGlobal
