
Microsoft Visual Studio Solution File, Format Version 12.00
# Visual Studio Version 17
VisualStudioVersion = 17.7.34009.444
MinimumVisualStudioVersion = 10.0.40219.1
Project("{FAE04EC0-301F-11D3-BF4B-00C04F79EFBC}") = "09", "09\09.csproj", "{6192D0A2-87A2-4784-A024-885A0935BD6B}"
EndProject
Global
	GlobalSection(SolutionConfigurationPlatforms) = preSolution
		Debug|Any CPU = Debug|Any CPU
		Release|Any CPU = Release|Any CPU
	EndGlobalSection
	GlobalSection(ProjectConfigurationPlatforms) = postSolution
		{6192D0A2-87A2-4784-A024-885A0935BD6B}.Debug|Any CPU.ActiveCfg = Debug|Any CPU
		{6192D0A2-87A2-4784-A024-885A0935BD6B}.Debug|Any CPU.Build.0 = Debug|Any CPU
		{6192D0A2-87A2-4784-A024-885A0935BD6B}.Release|Any CPU.ActiveCfg = Release|Any CPU
		{6192D0A2-87A2-4784-A024-885A0935BD6B}.Release|Any CPU.Build.0 = Release|Any CPU
	EndGlobalSection
	GlobalSection(SolutionProperties) = preSolution
		HideSolutionNode = FALSE
	EndGlobalSection
	GlobalSection(ExtensibilityGlobals) = postSolution
		SolutionGuid = {A4822AC9-D28A-4EA9-88EE-CA532994F079}
	EndGlobalSection
EndGlobal
