
Microsoft Visual Studio Solution File, Format Version 12.00
# Visual Studio Version 17
VisualStudioVersion = 17.7.34009.444
MinimumVisualStudioVersion = 10.0.40219.1
Project("{FAE04EC0-301F-11D3-BF4B-00C04F79EFBC}") = "1079", "1079\1079.csproj", "{7D658324-0F20-4997-AF8D-9FB4C52A93DC}"
EndProject
Global
	GlobalSection(SolutionConfigurationPlatforms) = preSolution
		Debug|Any CPU = Debug|Any CPU
		Release|Any CPU = Release|Any CPU
	EndGlobalSection
	GlobalSection(ProjectConfigurationPlatforms) = postSolution
		{7D658324-0F20-4997-AF8D-9FB4C52A93DC}.Debug|Any CPU.ActiveCfg = Debug|Any CPU
		{7D658324-0F20-4997-AF8D-9FB4C52A93DC}.Debug|Any CPU.Build.0 = Debug|Any CPU
		{7D658324-0F20-4997-AF8D-9FB4C52A93DC}.Release|Any CPU.ActiveCfg = Release|Any CPU
		{7D658324-0F20-4997-AF8D-9FB4C52A93DC}.Release|Any CPU.Build.0 = Release|Any CPU
	EndGlobalSection
	GlobalSection(SolutionProperties) = preSolution
		HideSolutionNode = FALSE
	EndGlobalSection
	GlobalSection(ExtensibilityGlobals) = postSolution
		SolutionGuid = {736610B2-C1A2-496C-8773-FC8F833247C3}
	EndGlobalSection
EndGlobal
