
Microsoft Visual Studio Solution File, Format Version 12.00
# Visual Studio Version 17
VisualStudioVersion = 17.7.34009.444
MinimumVisualStudioVersion = 10.0.40219.1
Project("{FAE04EC0-301F-11D3-BF4B-00C04F79EFBC}") = "funcoesParaString", "funcoesParaString\funcoesParaString.csproj", "{83851288-55F8-404A-A7C0-4C2CACB6D947}"
EndProject
Global
	GlobalSection(SolutionConfigurationPlatforms) = preSolution
		Debug|Any CPU = Debug|Any CPU
		Release|Any CPU = Release|Any CPU
	EndGlobalSection
	GlobalSection(ProjectConfigurationPlatforms) = postSolution
		{83851288-55F8-404A-A7C0-4C2CACB6D947}.Debug|Any CPU.ActiveCfg = Debug|Any CPU
		{83851288-55F8-404A-A7C0-4C2CACB6D947}.Debug|Any CPU.Build.0 = Debug|Any CPU
		{83851288-55F8-404A-A7C0-4C2CACB6D947}.Release|Any CPU.ActiveCfg = Release|Any CPU
		{83851288-55F8-404A-A7C0-4C2CACB6D947}.Release|Any CPU.Build.0 = Release|Any CPU
	EndGlobalSection
	GlobalSection(SolutionProperties) = preSolution
		HideSolutionNode = FALSE
	EndGlobalSection
	GlobalSection(ExtensibilityGlobals) = postSolution
		SolutionGuid = {ABBFDD2F-8E35-4EAF-9FDB-83CE6EBA2275}
	EndGlobalSection
EndGlobal
