
Microsoft Visual Studio Solution File, Format Version 12.00
# Visual Studio Version 17
VisualStudioVersion = 17.7.34009.444
MinimumVisualStudioVersion = 10.0.40219.1
Project("{FAE04EC0-301F-11D3-BF4B-00C04F79EFBC}") = "1149", "1149\1149.csproj", "{4EB12ECB-BED7-4355-850E-FDBCE5F5219A}"
EndProject
Global
	GlobalSection(SolutionConfigurationPlatforms) = preSolution
		Debug|Any CPU = Debug|Any CPU
		Release|Any CPU = Release|Any CPU
	EndGlobalSection
	GlobalSection(ProjectConfigurationPlatforms) = postSolution
		{4EB12ECB-BED7-4355-850E-FDBCE5F5219A}.Debug|Any CPU.ActiveCfg = Debug|Any CPU
		{4EB12ECB-BED7-4355-850E-FDBCE5F5219A}.Debug|Any CPU.Build.0 = Debug|Any CPU
		{4EB12ECB-BED7-4355-850E-FDBCE5F5219A}.Release|Any CPU.ActiveCfg = Release|Any CPU
		{4EB12ECB-BED7-4355-850E-FDBCE5F5219A}.Release|Any CPU.Build.0 = Release|Any CPU
	EndGlobalSection
	GlobalSection(SolutionProperties) = preSolution
		HideSolutionNode = FALSE
	EndGlobalSection
	GlobalSection(ExtensibilityGlobals) = postSolution
		SolutionGuid = {65607EC4-6D3E-42BA-A537-9B32BFA3A456}
	EndGlobalSection
EndGlobal
