
Microsoft Visual Studio Solution File, Format Version 12.00
# Visual Studio Version 17
VisualStudioVersion = 17.7.34009.444
MinimumVisualStudioVersion = 10.0.40219.1
Project("{FAE04EC0-301F-11D3-BF4B-00C04F79EFBC}") = "exercicio", "exercicio\exercicio.csproj", "{3BAD7C99-7799-45DE-AB67-4231EE5B6A7F}"
EndProject
Global
	GlobalSection(SolutionConfigurationPlatforms) = preSolution
		Debug|Any CPU = Debug|Any CPU
		Release|Any CPU = Release|Any CPU
	EndGlobalSection
	GlobalSection(ProjectConfigurationPlatforms) = postSolution
		{3BAD7C99-7799-45DE-AB67-4231EE5B6A7F}.Debug|Any CPU.ActiveCfg = Debug|Any CPU
		{3BAD7C99-7799-45DE-AB67-4231EE5B6A7F}.Debug|Any CPU.Build.0 = Debug|Any CPU
		{3BAD7C99-7799-45DE-AB67-4231EE5B6A7F}.Release|Any CPU.ActiveCfg = Release|Any CPU
		{3BAD7C99-7799-45DE-AB67-4231EE5B6A7F}.Release|Any CPU.Build.0 = Release|Any CPU
	EndGlobalSection
	GlobalSection(SolutionProperties) = preSolution
		HideSolutionNode = FALSE
	EndGlobalSection
	GlobalSection(ExtensibilityGlobals) = postSolution
		SolutionGuid = {FB12786F-7617-46E7-A2EC-37E2DB10DA2E}
	EndGlobalSection
EndGlobal
