
Microsoft Visual Studio Solution File, Format Version 12.00
# Visual Studio Version 17
VisualStudioVersion = 17.7.34009.444
MinimumVisualStudioVersion = 10.0.40219.1
Project("{FAE04EC0-301F-11D3-BF4B-00C04F79EFBC}") = "matrizes", "matrizes\matrizes.csproj", "{C623EC56-7B63-4BA5-A354-CA3CD4DC8492}"
EndProject
Global
	GlobalSection(SolutionConfigurationPlatforms) = preSolution
		Debug|Any CPU = Debug|Any CPU
		Release|Any CPU = Release|Any CPU
	EndGlobalSection
	GlobalSection(ProjectConfigurationPlatforms) = postSolution
		{C623EC56-7B63-4BA5-A354-CA3CD4DC8492}.Debug|Any CPU.ActiveCfg = Debug|Any CPU
		{C623EC56-7B63-4BA5-A354-CA3CD4DC8492}.Debug|Any CPU.Build.0 = Debug|Any CPU
		{C623EC56-7B63-4BA5-A354-CA3CD4DC8492}.Release|Any CPU.ActiveCfg = Release|Any CPU
		{C623EC56-7B63-4BA5-A354-CA3CD4DC8492}.Release|Any CPU.Build.0 = Release|Any CPU
	EndGlobalSection
	GlobalSection(SolutionProperties) = preSolution
		HideSolutionNode = FALSE
	EndGlobalSection
	GlobalSection(ExtensibilityGlobals) = postSolution
		SolutionGuid = {53957692-6CE6-4035-81B6-E4A8E3FD8C2A}
	EndGlobalSection
EndGlobal
