
Microsoft Visual Studio Solution File, Format Version 12.00
# Visual Studio Version 17
VisualStudioVersion = 17.7.34031.279
MinimumVisualStudioVersion = 10.0.40219.1
Project("{FAE04EC0-301F-11D3-BF4B-00C04F79EFBC}") = "heranca", "heranca\heranca.csproj", "{30B3FB83-54B5-499A-9A18-3164E71E16EA}"
EndProject
Global
	GlobalSection(SolutionConfigurationPlatforms) = preSolution
		Debug|Any CPU = Debug|Any CPU
		Release|Any CPU = Release|Any CPU
	EndGlobalSection
	GlobalSection(ProjectConfigurationPlatforms) = postSolution
		{30B3FB83-54B5-499A-9A18-3164E71E16EA}.Debug|Any CPU.ActiveCfg = Debug|Any CPU
		{30B3FB83-54B5-499A-9A18-3164E71E16EA}.Debug|Any CPU.Build.0 = Debug|Any CPU
		{30B3FB83-54B5-499A-9A18-3164E71E16EA}.Release|Any CPU.ActiveCfg = Release|Any CPU
		{30B3FB83-54B5-499A-9A18-3164E71E16EA}.Release|Any CPU.Build.0 = Release|Any CPU
	EndGlobalSection
	GlobalSection(SolutionProperties) = preSolution
		HideSolutionNode = FALSE
	EndGlobalSection
	GlobalSection(ExtensibilityGlobals) = postSolution
		SolutionGuid = {E992BA13-3305-48CF-9A1A-D6F564214937}
	EndGlobalSection
EndGlobal
