
Microsoft Visual Studio Solution File, Format Version 12.00
# Visual Studio Version 17
VisualStudioVersion = 17.6.33829.357
MinimumVisualStudioVersion = 10.0.40219.1
Project("{FAE04EC0-301F-11D3-BF4B-00C04F79EFBC}") = "entradaDeDados", "entradaDeDados\entradaDeDados.csproj", "{DD3F9F5E-AEC6-46D8-9476-FE5F723A3A92}"
EndProject
Global
	GlobalSection(SolutionConfigurationPlatforms) = preSolution
		Debug|Any CPU = Debug|Any CPU
		Release|Any CPU = Release|Any CPU
	EndGlobalSection
	GlobalSection(ProjectConfigurationPlatforms) = postSolution
		{DD3F9F5E-AEC6-46D8-9476-FE5F723A3A92}.Debug|Any CPU.ActiveCfg = Debug|Any CPU
		{DD3F9F5E-AEC6-46D8-9476-FE5F723A3A92}.Debug|Any CPU.Build.0 = Debug|Any CPU
		{DD3F9F5E-AEC6-46D8-9476-FE5F723A3A92}.Release|Any CPU.ActiveCfg = Release|Any CPU
		{DD3F9F5E-AEC6-46D8-9476-FE5F723A3A92}.Release|Any CPU.Build.0 = Release|Any CPU
	EndGlobalSection
	GlobalSection(SolutionProperties) = preSolution
		HideSolutionNode = FALSE
	EndGlobalSection
	GlobalSection(ExtensibilityGlobals) = postSolution
		SolutionGuid = {81E3912F-4369-4630-9BC6-5ABBF3937384}
	EndGlobalSection
EndGlobal
