
Microsoft Visual Studio Solution File, Format Version 12.00
# Visual Studio Version 17
VisualStudioVersion = 17.7.34009.444
MinimumVisualStudioVersion = 10.0.40219.1
Project("{FAE04EC0-301F-11D3-BF4B-00C04F79EFBC}") = "properties", "properties\properties.csproj", "{8BFC1A84-6AB5-433E-B7D3-73D861B0E7C6}"
EndProject
Global
	GlobalSection(SolutionConfigurationPlatforms) = preSolution
		Debug|Any CPU = Debug|Any CPU
		Release|Any CPU = Release|Any CPU
	EndGlobalSection
	GlobalSection(ProjectConfigurationPlatforms) = postSolution
		{8BFC1A84-6AB5-433E-B7D3-73D861B0E7C6}.Debug|Any CPU.ActiveCfg = Debug|Any CPU
		{8BFC1A84-6AB5-433E-B7D3-73D861B0E7C6}.Debug|Any CPU.Build.0 = Debug|Any CPU
		{8BFC1A84-6AB5-433E-B7D3-73D861B0E7C6}.Release|Any CPU.ActiveCfg = Release|Any CPU
		{8BFC1A84-6AB5-433E-B7D3-73D861B0E7C6}.Release|Any CPU.Build.0 = Release|Any CPU
	EndGlobalSection
	GlobalSection(SolutionProperties) = preSolution
		HideSolutionNode = FALSE
	EndGlobalSection
	GlobalSection(ExtensibilityGlobals) = postSolution
		SolutionGuid = {0A9628ED-066E-44E3-A769-309A3EE9E774}
	EndGlobalSection
EndGlobal
