
Microsoft Visual Studio Solution File, Format Version 12.00
# Visual Studio Version 17
VisualStudioVersion = 17.7.34009.444
MinimumVisualStudioVersion = 10.0.40219.1
Project("{FAE04EC0-301F-11D3-BF4B-00C04F79EFBC}") = "exercicio", "exercicio\exercicio.csproj", "{12322C05-AF21-4836-BAEF-02BC8B38A886}"
EndProject
Global
	GlobalSection(SolutionConfigurationPlatforms) = preSolution
		Debug|Any CPU = Debug|Any CPU
		Release|Any CPU = Release|Any CPU
	EndGlobalSection
	GlobalSection(ProjectConfigurationPlatforms) = postSolution
		{12322C05-AF21-4836-BAEF-02BC8B38A886}.Debug|Any CPU.ActiveCfg = Debug|Any CPU
		{12322C05-AF21-4836-BAEF-02BC8B38A886}.Debug|Any CPU.Build.0 = Debug|Any CPU
		{12322C05-AF21-4836-BAEF-02BC8B38A886}.Release|Any CPU.ActiveCfg = Release|Any CPU
		{12322C05-AF21-4836-BAEF-02BC8B38A886}.Release|Any CPU.Build.0 = Release|Any CPU
	EndGlobalSection
	GlobalSection(SolutionProperties) = preSolution
		HideSolutionNode = FALSE
	EndGlobalSection
	GlobalSection(ExtensibilityGlobals) = postSolution
		SolutionGuid = {58909264-82A4-4993-80E0-599CE490018F}
	EndGlobalSection
EndGlobal
