
Microsoft Visual Studio Solution File, Format Version 12.00
# Visual Studio Version 17
VisualStudioVersion = 17.7.34009.444
MinimumVisualStudioVersion = 10.0.40219.1
Project("{FAE04EC0-301F-11D3-BF4B-00C04F79EFBC}") = "06", "06\06.csproj", "{A42F319D-036A-4EC7-A5DD-2FF4166911F6}"
EndProject
Global
	GlobalSection(SolutionConfigurationPlatforms) = preSolution
		Debug|Any CPU = Debug|Any CPU
		Release|Any CPU = Release|Any CPU
	EndGlobalSection
	GlobalSection(ProjectConfigurationPlatforms) = postSolution
		{A42F319D-036A-4EC7-A5DD-2FF4166911F6}.Debug|Any CPU.ActiveCfg = Debug|Any CPU
		{A42F319D-036A-4EC7-A5DD-2FF4166911F6}.Debug|Any CPU.Build.0 = Debug|Any CPU
		{A42F319D-036A-4EC7-A5DD-2FF4166911F6}.Release|Any CPU.ActiveCfg = Release|Any CPU
		{A42F319D-036A-4EC7-A5DD-2FF4166911F6}.Release|Any CPU.Build.0 = Release|Any CPU
	EndGlobalSection
	GlobalSection(SolutionProperties) = preSolution
		HideSolutionNode = FALSE
	EndGlobalSection
	GlobalSection(ExtensibilityGlobals) = postSolution
		SolutionGuid = {E948245F-56EB-449F-A801-C977F6384A8B}
	EndGlobalSection
EndGlobal
